
Microsoft Visual Studio Solution File, Format Version 12.00
# Visual Studio Version 17
VisualStudioVersion = 17.4.33103.184
MinimumVisualStudioVersion = 10.0.40219.1
Project("{8BC9CEB8-8B4A-11D0-8D11-00A0C91BC942}") = "Engine", "Engine\Engine.vcxproj", "{3437FD70-5903-48A9-A9FC-BBFADD1FAC11}"
EndProject
Global
	GlobalSection(SolutionConfigurationPlatforms) = preSolution
		Debug|x64 = Debug|x64
		Release|x64 = Release|x64
	EndGlobalSection
	GlobalSection(ProjectConfigurationPlatforms) = postSolution
		{3437FD70-5903-48A9-A9FC-BBFADD1FAC11}.Debug|x64.ActiveCfg = Debug|x64
		{3437FD70-5903-48A9-A9FC-BBFADD1FAC11}.Debug|x64.Build.0 = Debug|x64
		{3437FD70-5903-48A9-A9FC-BBFADD1FAC11}.Release|x64.ActiveCfg = Release|x64
		{3437FD70-5903-48A9-A9FC-BBFADD1FAC11}.Release|x64.Build.0 = Release|x64
	EndGlobalSection
	GlobalSection(SolutionProperties) = preSolution
		HideSolutionNode = FALSE
	EndGlobalSection
	GlobalSection(ExtensibilityGlobals) = postSolution
		SolutionGuid = {53ECC146-C782-4810-AA6A-BBF082D088CE}
	EndGlobalSection
EndGlobal
